# generated by rye
# use `rye lock` or `rye sync` to update this lockfile
#
# last locked with the following flags:
#   pre: false
#   features: []
#   all-features: false
#   with-sources: false
#   generate-hashes: false
#   universal: false

-e file:.
aiofiles==24.1.0
    # via crawl4ai
aiohappyeyeballs==2.6.1
    # via aiohttp
aiohttp==3.12.15
    # via crawl4ai
    # via fsspec
    # via langchain-community
    # via litellm
aiosignal==1.4.0
    # via aiohttp
aiosqlite==0.21.0
    # via crawl4ai
alembic==1.16.4
    # via optuna
alphashape==1.3.1
    # via crawl4ai
annotated-types==0.7.0
    # via pydantic
anyio==4.9.0
    # via asyncer
    # via dspy
    # via httpx
    # via openai
asyncer==0.0.8
    # via dspy
attrs==25.3.0
    # via aiohttp
    # via jsonschema
    # via referencing
babel==2.17.0
    # via courlan
backoff==2.2.1
    # via dspy
beautifulsoup4==4.13.4
    # via crawl4ai
    # via paddlex
brotli==1.1.0
    # via crawl4ai
cachetools==6.1.0
    # via dspy
    # via premailer
certifi==2025.7.14
    # via httpcore
    # via httpx
    # via requests
    # via trafilatura
cffi==1.17.1
    # via cryptography
chardet==5.2.0
    # via crawl4ai
    # via paddlex
charset-normalizer==3.4.2
    # via htmldate
    # via pdfminer-six
    # via requests
    # via trafilatura
citeproc-py==0.8.2
    # via cite-extractor
click==8.2.1
    # via alphashape
    # via click-log
    # via crawl4ai
    # via litellm
    # via nltk
click-log==0.4.0
    # via alphashape
cloudpickle==3.1.1
    # via dspy
colorlog==6.9.0
    # via optuna
    # via paddlex
courlan==1.3.2
    # via trafilatura
coverage==7.10.1
    # via pytest-cov
crawl4ai==0.7.2
    # via cite-extractor
cryptography==45.0.5
    # via pdfminer-six
    # via pyopenssl
cssselect==1.3.0
    # via crawl4ai
    # via premailer
cssutils==2.11.1
    # via premailer
dataclasses-json==0.6.7
    # via langchain-community
datasets==4.0.0
    # via dspy
dateparser==1.2.2
    # via htmldate
decorator==5.2.1
    # via paddlepaddle
deprecated==1.2.18
    # via pikepdf
deprecation==2.1.0
    # via ocrmypdf
dill==0.3.8
    # via datasets
    # via multiprocess
diskcache==5.6.3
    # via dspy
distro==1.9.0
    # via openai
dspy==2.6.27
    # via dspy-ai
dspy-ai==2.6.27
    # via cite-extractor
einops==0.8.1
    # via paddlex
et-xmlfile==2.0.0
    # via openpyxl
fake-http-header==0.3.5
    # via tf-playwright-stealth
fake-useragent==2.2.0
    # via crawl4ai
fasttext==0.9.3
    # via cite-extractor
filelock==3.18.0
    # via datasets
    # via huggingface-hub
    # via paddlex
frozenlist==1.7.0
    # via aiohttp
    # via aiosignal
fsspec==2025.3.0
    # via datasets
    # via huggingface-hub
ftfy==6.3.1
    # via paddlex
gputil==1.4.0
    # via paddlex
greenlet==3.2.3
    # via playwright
    # via sqlalchemy
h11==0.16.0
    # via httpcore
h2==4.2.0
    # via httpx
hf-xet==1.1.5
    # via huggingface-hub
hpack==4.1.0
    # via h2
htmldate==1.9.3
    # via trafilatura
httpcore==1.0.9
    # via httpx
httpx==0.28.1
    # via crawl4ai
    # via langsmith
    # via litellm
    # via openai
    # via paddlepaddle
httpx-sse==0.4.1
    # via langchain-community
huggingface-hub==0.34.3
    # via datasets
    # via paddlex
    # via tokenizers
humanize==4.12.3
    # via crawl4ai
hyperframe==6.1.0
    # via h2
idna==3.10
    # via anyio
    # via httpx
    # via requests
    # via yarl
imagesize==1.4.1
    # via paddlex
img2pdf==0.6.1
    # via ocrmypdf
importlib-metadata==8.7.0
    # via litellm
iniconfig==2.1.0
    # via pytest
jinja2==3.1.6
    # via litellm
    # via paddlex
jiter==0.10.0
    # via openai
joblib==1.5.1
    # via dspy
    # via nltk
    # via scikit-learn
json-repair==0.48.0
    # via dspy
jsonpatch==1.33
    # via langchain-core
jsonpointer==3.0.0
    # via jsonpatch
jsonschema==4.25.0
    # via litellm
jsonschema-specifications==2025.4.1
    # via jsonschema
justext==3.0.2
    # via trafilatura
langchain==0.3.27
    # via langchain-community
    # via paddlex
langchain-community==0.3.27
    # via paddlex
langchain-core==0.3.72
    # via langchain
    # via langchain-community
    # via langchain-openai
    # via langchain-text-splitters
    # via paddlex
langchain-openai==0.3.28
    # via paddlex
langchain-text-splitters==0.3.9
    # via langchain
langsmith==0.4.9
    # via langchain
    # via langchain-community
    # via langchain-core
lark==1.2.2
    # via crawl4ai
litellm==1.74.12
    # via crawl4ai
    # via dspy
lxml==5.4.0
    # via cite-extractor
    # via citeproc-py
    # via crawl4ai
    # via htmldate
    # via justext
    # via lxml-html-clean
    # via paddlex
    # via pikepdf
    # via premailer
    # via trafilatura
lxml-html-clean==0.4.2
    # via lxml
magicattr==0.1.6
    # via dspy
mako==1.3.10
    # via alembic
markdown-it-py==3.0.0
    # via rich
markupsafe==3.0.2
    # via jinja2
    # via mako
marshmallow==3.26.1
    # via dataclasses-json
mdurl==0.1.2
    # via markdown-it-py
more-itertools==10.7.0
    # via cssutils
multidict==6.6.3
    # via aiohttp
    # via yarl
multiprocess==0.70.16
    # via datasets
mypy-extensions==1.1.0
    # via typing-inspect
networkx==3.5
    # via alphashape
    # via paddlepaddle
nltk==3.9.1
    # via crawl4ai
numpy==2.3.2
    # via alphashape
    # via crawl4ai
    # via datasets
    # via dspy
    # via fasttext
    # via langchain-community
    # via opencv-contrib-python
    # via opt-einsum
    # via optuna
    # via paddlepaddle
    # via paddlex
    # via pandas
    # via rank-bm25
    # via scikit-learn
    # via scipy
    # via shapely
    # via trimesh
ocrmypdf==16.10.4
    # via cite-extractor
openai==1.98.0
    # via dspy
    # via langchain-openai
    # via litellm
    # via paddlex
opencv-contrib-python==4.10.0.84
    # via paddlex
openpyxl==3.1.5
    # via paddlex
opt-einsum==3.3.0
    # via paddlepaddle
optuna==4.4.0
    # via dspy
orjson==3.11.1
    # via langsmith
packaging==25.0
    # via datasets
    # via deprecation
    # via huggingface-hub
    # via langchain-core
    # via langsmith
    # via marshmallow
    # via ocrmypdf
    # via optuna
    # via paddlex
    # via pikepdf
    # via pytest
paddleocr==3.1.0
    # via cite-extractor
paddlepaddle==3.1.0
    # via cite-extractor
paddlex==3.1.3
    # via paddleocr
pandas==2.3.1
    # via datasets
    # via dspy
    # via paddlex
pdfminer-six==20250506
    # via ocrmypdf
pi-heif==1.0.0
    # via ocrmypdf
pikepdf==9.10.2
    # via img2pdf
    # via ocrmypdf
pillow==11.3.0
    # via crawl4ai
    # via img2pdf
    # via ocrmypdf
    # via paddlepaddle
    # via paddlex
    # via pi-heif
    # via pikepdf
playwright==1.54.0
    # via crawl4ai
    # via tf-playwright-stealth
pluggy==1.6.0
    # via ocrmypdf
    # via pytest
    # via pytest-cov
premailer==3.10.0
    # via paddlex
prettytable==3.16.0
    # via paddlex
propcache==0.3.2
    # via aiohttp
    # via yarl
protobuf==6.31.1
    # via paddlepaddle
psutil==7.0.0
    # via crawl4ai
py-cpuinfo==9.0.0
    # via paddlex
pyarrow==21.0.0
    # via datasets
pybind11==3.0.0
    # via fasttext
pyclipper==1.3.0.post6
    # via paddlex
pycparser==2.22
    # via cffi
pydantic==2.11.7
    # via crawl4ai
    # via dspy
    # via langchain
    # via langchain-core
    # via langsmith
    # via litellm
    # via openai
    # via paddlex
    # via pydantic-settings
pydantic-core==2.33.2
    # via pydantic
pydantic-settings==2.10.1
    # via langchain-community
pyee==13.0.0
    # via playwright
pygments==2.19.2
    # via pytest
    # via rich
pymediainfo==7.0.1
    # via cite-extractor
pymupdf==1.26.3
    # via cite-extractor
pyopenssl==25.1.0
    # via crawl4ai
pypdfium2==4.30.0
    # via paddlex
pyperclip==1.9.0
    # via crawl4ai
pypinyin==0.55.0
    # via cite-extractor
pytest==8.4.1
    # via pytest-cov
pytest-cov==6.2.1
python-dateutil==2.9.0.post0
    # via cite-extractor
    # via dateparser
    # via htmldate
    # via pandas
python-dotenv==1.1.1
    # via crawl4ai
    # via litellm
    # via pydantic-settings
pytz==2025.2
    # via dateparser
    # via pandas
pyyaml==6.0.2
    # via datasets
    # via huggingface-hub
    # via langchain
    # via langchain-community
    # via langchain-core
    # via optuna
    # via paddleocr
    # via paddlex
rank-bm25==0.2.2
    # via crawl4ai
referencing==0.36.2
    # via jsonschema
    # via jsonschema-specifications
regex==2025.7.34
    # via dateparser
    # via dspy
    # via nltk
    # via paddlex
    # via tiktoken
requests==2.32.4
    # via cite-extractor
    # via crawl4ai
    # via datasets
    # via dspy
    # via huggingface-hub
    # via langchain
    # via langchain-community
    # via langsmith
    # via paddlex
    # via premailer
    # via requests-toolbelt
    # via tiktoken
requests-toolbelt==1.0.0
    # via langsmith
rich==14.1.0
    # via crawl4ai
    # via dspy
    # via ocrmypdf
rpds-py==0.26.0
    # via jsonschema
    # via referencing
rtree==1.4.0
    # via alphashape
ruamel-yaml==0.18.14
    # via paddlex
ruamel-yaml-clib==0.2.12
    # via ruamel-yaml
scikit-learn==1.7.1
    # via paddlex
scipy==1.16.1
    # via alphashape
    # via scikit-learn
setuptools==80.9.0
    # via cite-extractor
    # via fasttext
shapely==2.1.1
    # via alphashape
    # via crawl4ai
    # via paddlex
six==1.17.0
    # via python-dateutil
sniffio==1.3.1
    # via anyio
    # via openai
snowballstemmer==2.2.0
    # via crawl4ai
soupsieve==2.7
    # via beautifulsoup4
sqlalchemy==2.0.42
    # via alembic
    # via langchain
    # via langchain-community
    # via optuna
tenacity==9.1.2
    # via dspy
    # via langchain-community
    # via langchain-core
tf-playwright-stealth==1.2.0
    # via crawl4ai
threadpoolctl==3.6.0
    # via scikit-learn
tiktoken==0.9.0
    # via langchain-openai
    # via litellm
    # via paddlex
tld==0.13.1
    # via courlan
tokenizers==0.21.4
    # via litellm
    # via paddlex
tqdm==4.67.1
    # via datasets
    # via dspy
    # via huggingface-hub
    # via nltk
    # via openai
    # via optuna
trafilatura==2.0.0
    # via cite-extractor
trimesh==4.7.1
    # via alphashape
typing-extensions==4.14.1
    # via aiosignal
    # via aiosqlite
    # via alembic
    # via anyio
    # via beautifulsoup4
    # via huggingface-hub
    # via langchain-core
    # via openai
    # via paddleocr
    # via paddlepaddle
    # via paddlex
    # via pydantic
    # via pydantic-core
    # via pyee
    # via pyopenssl
    # via referencing
    # via sqlalchemy
    # via typing-inspect
    # via typing-inspection
typing-inspect==0.9.0
    # via dataclasses-json
typing-inspection==0.4.1
    # via pydantic
    # via pydantic-settings
tzdata==2025.2
    # via pandas
tzlocal==5.3.1
    # via dateparser
ujson==5.10.0
    # via dspy
    # via paddlex
urllib3==2.5.0
    # via cite-extractor
    # via courlan
    # via htmldate
    # via requests
    # via trafilatura
wcwidth==0.2.13
    # via ftfy
    # via prettytable
wrapt==1.17.2
    # via deprecated
xxhash==3.5.0
    # via crawl4ai
    # via datasets
yarl==1.20.1
    # via aiohttp
yt-dlp==2025.7.21
    # via cite-extractor
zipp==3.23.0
    # via importlib-metadata
zstandard==0.23.0
    # via langsmith
